
Microsoft Visual Studio Solution File, Format Version 12.00
# Visual Studio Version 17
VisualStudioVersion = 17.2.32526.322
MinimumVisualStudioVersion = 10.0.40219.1
Project("{9A19103F-16F7-4668-BE54-9A1E7A4F7556}") = "tg_api", "tg_api\tg_api.csproj", "{83B8D4FD-5FD1-413C-8E6B-537602218201}"
EndProject
Global
	GlobalSection(SolutionConfigurationPlatforms) = preSolution
		Debug|Any CPU = Debug|Any CPU
		Release|Any CPU = Release|Any CPU
	EndGlobalSection
	GlobalSection(ProjectConfigurationPlatforms) = postSolution
		{83B8D4FD-5FD1-413C-8E6B-537602218201}.Debug|Any CPU.ActiveCfg = Debug|Any CPU
		{83B8D4FD-5FD1-413C-8E6B-537602218201}.Debug|Any CPU.Build.0 = Debug|Any CPU
		{83B8D4FD-5FD1-413C-8E6B-537602218201}.Release|Any CPU.ActiveCfg = Release|Any CPU
		{83B8D4FD-5FD1-413C-8E6B-537602218201}.Release|Any CPU.Build.0 = Release|Any CPU
	EndGlobalSection
	GlobalSection(SolutionProperties) = preSolution
		HideSolutionNode = FALSE
	EndGlobalSection
	GlobalSection(ExtensibilityGlobals) = postSolution
		SolutionGuid = {7C8BE0B4-4D64-4A73-9AA7-23F4251BAB93}
	EndGlobalSection
EndGlobal
